github.com/Dreamacro/clash v1.9.0 h1:IfmPW86Klngu0iQ4LL6Bhxcvtr+QaI7Oppa9qRPX/Q8=
github.com/Dreamacro/clash v1.9.0/go.mod h1:vOzDB9KKD/PirNdSlsH4soMl1xF5lk8SwNQiVY5UacE=
github.com/Dreamacro/go-shadowsocks2 v0.1.7 h1:8CtbE1HoPPMfrQZGXmlluq6dO2lL31W6WRRE8fabc4Q=
github.com/Dreamacro/go-shadowsocks2 v0.1.7/go.mod h1:8p5G4cAj5ZlXwUR+Ww63gfSikr8kvw8uw3TDwLAJpUc=
github.com/aead/chacha20 v0.0.0-20180709150244-8b13a72661da h1:KjTM2ks9d14ZYCvmHS9iAKVt9AyzRSqNU1qabPih5BY=
github.com/aead/chacha20 v0.0.0-20180709150244-8b13a72661da/go.mod h1:eHEWzANqSiWQsof+nXEI9bUVUyV6F53Fp89EuCh2EAA=
github.com/cheekybits/genny v1.0.0 h1:uGGa4nei+j20rOSeDeP5Of12XVm7TGUd4dJA9RDitfE=
github.com/davecgh/go-spew v1.1.0/go.mod h1:J7Y8YcW2NihsgmVo/mv3lAwl/skON4iLHjSsI+c5H38=
github.com/davecgh/go-spew v1.1.1 h1:vj9j/u1bqnvCEfJOwUhtlOARqs3+rkHYY13jYWTU97c=
github.com/davecgh/go-spew v1.1.1/go.mod h1:J7Y8YcW2NihsgmVo/mv3lAwl/skON4iLHjSsI+c5H38=
github.com/dgryski/go-camellia v0.0.0-20191119043421-69a8a13fb23d h1:CPqTNIigGweVPT4CYb+OO2E6XyRKFOmvTHwWRLgCAlE=
github.com/dgryski/go-camellia v0.0.0-20191119043421-69a8a13fb23d/go.mod h1:QX5ZVULjAfZJux/W62Y91HvCh9hyW6enAwcrrv/sLj0=
github.com/dgryski/go-idea v0.0.0-20170306091226-d2fb45a411fb h1:zXpN5126w/mhECTkqazBkrOJIMatbPP71aSIDR5UuW4=
github.com/dgryski/go-idea v0.0.0-20170306091226-d2fb45a411fb/go.mod h1:F7WkpqJj9t98ePxB/WJGQTIDeOVPuSJ3qdn6JUjg170=
github.com/dgryski/go-metro v0.0.0-20200812162917-85c65e2d0165/go.mod h1:c9O8+fpSOX1DM8cPNSkX/qsBWdkD4yd2dpciOWQjpBw=
github.com/dgryski/go-metro v0.0.0-20211217172704-adc40b04c140 h1:y7y0Oa6UawqTFPCDw9JG6pdKt4F9pAhHv0B7FMGaGD0=
github.com/dgryski/go-metro v0.0.0-20211217172704-adc40b04c140/go.mod h1:c9O8+fpSOX1DM8cPNSkX/qsBWdkD4yd2dpciOWQjpBw=
github.com/dgryski/go-rc2 v0.0.0-20150621095337-8a9021637152 h1:ED31mPIxDJnrLt9W9dH5xgd/6KjzEACKHBVGQ33czc0=
github.com/dgryski/go-rc2 v0.0.0-20150621095337-8a9021637152/go.mod h1:I9fhc/EvSg88cDxmfQ47v35Ssz9rlFunL/KY0A1JAYI=
github.com/ebfe/bcrypt_pbkdf v0.0.0-20140212075826-3c8d2dcb253a h1:YtdtTUN1iH97s+6PUjLnaiKSQj4oG1/EZ3N9bx6g4kU=
github.com/ebfe/rc2 v0.0.0-20131011165748-24b9757f5521 h1:fBHFH+Y/GPGFGo7LIrErQc3p2MeAhoIQNgaxPWYsSxk=
github.com/fsnotify/fsnotify v1.5.1 h1:mZcQUHVQUQWoPXXtuf9yuEXKudkV2sx1E06UadKWpgI=
github.com/geeksbaek/seed v0.0.0-20180909040025-2a7f5fb92e22 h1:CdVtqYWYGIEuYCbtyx6BVMKOcO0N6lKm99cR1DZubAs=
github.com/geeksbaek/seed v0.0.0-20180909040025-2a7f5fb92e22/go.mod h1:YS1s0XuwU13tHT0WeYeUXUwGk1m8WZvSbK9cx/kY1SE=
github.com/go-chi/chi/v5 v5.0.7 h1:rDTPXLDHGATaeHvVlLcR4Qe0zftYethFucbjVQ1PxU8=
github.com/go-chi/render v1.0.1 h1:4/5tis2cKaNdnv9zFLfXzcquC9HbeZgCnxGnKrltBS8=
github.com/go-playground/locales v0.14.0 h1:u50s323jtVGugKlcYeyzC0etD1HifMjqmJqb8WugfUU=
github.com/go-playground/universal-translator v0.18.0 h1:82dyy6p4OuJq4/CByFNOn/jYrnRPArHwAcmLoJZxyho=
github.com/go-playground/validator/v10 v10.10.0 h1:I7mrTYv78z8k8VXa/qJlOlEXn/nBh+BF8dHX5nt/dr0=
github.com/go-task/slim-sprig v0.0.0-20210107165309-348f09dbbbc0 h1:p104kn46Q8WdvHunIJ9dAyjPVtrBPhSr3KT2yUst43I=
github.com/golang/mock v1.6.0 h1:ErTB+efbowRARo13NNdxyJji2egdxLGQhRaY+DUumQc=
github.com/golang/protobuf v1.5.0/go.mod h1:FsONVRAS9T7sI+LIUmWTfcYkHO4aIWwzhcaSAoJOfIk=
github.com/golang/protobuf v1.5.2 h1:ROPKBNFfQgOUMifHyP+KYbvpjbdoFNs+aK7DXlji0Tw=
github.com/golang/protobuf v1.5.2/go.mod h1:XVQd3VNwM+JqD3oG2Ue2ip4fOMUkwXdXDdiuN0vRsmY=
github.com/google/btree v1.0.1 h1:gK4Kx5IaGY9CD5sPJ36FHiBJ6ZXl0kilRiiCj+jdYp4=
github.com/google/go-cmp v0.5.5/go.mod h1:v8dTdLbMG2kIc/vJvl+f65V22dbkXbowE6jgT/gNBxE=
github.com/google/go-cmp v0.5.7 h1:81/ik6ipDQS2aGcBfIN5dHDB36BwrStyeAQquSYCV4o=
github.com/gorilla/websocket v1.4.2 h1:+/TMaTYc4QFitKJxsQ7Yye35DkWvkdLcvGKqM+x0Ufc=
github.com/jhump/protoreflect v1.10.1 h1:iH+UZfsbRE6vpyZH7asAjTPWJf7RJbpZ9j/N3lDlKs0=
github.com/kierdavis/cfb8 v0.0.0-20180105024805-3a17c36ee2f8 h1:QxgFSDEqLP8ZsmVm/Qke0HP6JLV7EB93vtWK7noU1Sw=
github.com/kierdavis/cfb8 v0.0.0-20180105024805-3a17c36ee2f8/go.mod h1:uL2TcUivilrs0kPsqUwIf8XHAcmkSjsfrzSgAJwS0TI=
github.com/leodido/go-urn v1.2.1 h1:BqpAaACuzVSgi/VLzGZIobT2z4v53pjosyNd9Yv6n/w=
github.com/lucas-clemente/quic-go v0.25.0 h1:K+X9Gvd7JXsOHtU0N2icZ2Nw3rx82uBej3mP4CLgibc=
github.com/lunixbochs/struc v0.0.0-20200707160740-784aaebc1d40 h1:EnfXoSqDfSNJv0VBNqY/88RNnhSGYkrHaO0mmFGbVsc=
github.com/marten-seemann/qtls-go1-16 v0.1.4 h1:xbHbOGGhrenVtII6Co8akhLEdrawwB2iHl5yhJRpnco=
github.com/marten-seemann/qtls-go1-17 v0.1.0 h1:P9ggrs5xtwiqXv/FHNwntmuLMNq3KaSIG93AtAZ48xk=
github.com/marten-seemann/qtls-go1-18 v0.1.0-beta.1 h1:EnzzN9fPUkUck/1CuY1FlzBaIYMoiBsdwTNmNGkwUUM=
github.com/nxadm/tail v1.4.8 h1:nPr65rt6Y5JFSKQO7qToXr7pePgD6Gwiw05lkbyAQTE=
github.com/onsi/ginkgo v1.16.5 h1:8xi0RTUf59SOSfEtZMvwTvXYMzG4gV23XVHOZiXNtnE=
github.com/pires/go-proxyproto v0.6.1 h1:EBupykFmo22SDjv4fQVQd2J9NOoLPmyZA/15ldOGkPw=
github.com/pires/go-proxyproto v0.6.1/go.mod h1:Odh9VFOZJCf9G8cLW5o435Xf1J95Jw9Gw5rnCjcwzAY=
github.com/pmezard/go-difflib v1.0.0 h1:4DBwDE0NGyQoBHbLQYPwSUPoCMWR5BEzIk/f1lZbAQM=
github.com/pmezard/go-difflib v1.0.0/go.mod h1:iKH77koFhYxTK1pcRnkKkqfTogsbg7gZNVY4sRDYZ/4=
github.com/riobard/go-bloom v0.0.0-20200614022211-cdc8013cb5b3 h1:f/FNXud6gA3MNr8meMVVGxhp+QBTqY91tM8HjEuMjGg=
github.com/riobard/go-bloom v0.0.0-20200614022211-cdc8013cb5b3/go.mod h1:HgjTstvQsPGkxUsCd2KWxErBblirPizecHcpD3ffK+s=
github.com/sagernet/gvisor v0.0.0-20220109124627-f8f67dadd776 h1:NBeFhu3oWPjBCAifVeTDyIuxK5SfHUeHG1b0OA3/EZI=
github.com/sagernet/v2ray-core/v5 v5.0.7-0.20220128184540-38f59e02f567 h1:ZqzVNuyPKHQJKdz2BMTQagFeAHjWprlvtOHDLQ3F1uQ=
github.com/sagernet/v2ray-core/v5 v5.0.7-0.20220128184540-38f59e02f567/go.mod h1:4FMkEwBDneahJymFQGpJtQ0OlC33hpmCoyUneaOQDno=
github.com/seiflotfy/cuckoofilter v0.0.0-20201222105146-bc6005554a0c h1:pqy40B3MQWYrza7YZXOXgl0Nf0QGFqrOC0BKae1UNAA=
github.com/seiflotfy/cuckoofilter v0.0.0-20201222105146-bc6005554a0c/go.mod h1:bR6DqgcAl1zTcOX8/pE2Qkj9XO00eCNqmKb7lXP8EAg=
github.com/sirupsen/logrus v1.8.1 h1:dJKuHgqk1NNQlqoA6BTlM1Wf9DOH3NBjQyu0h9+AZZE=
github.com/sirupsen/logrus v1.8.1/go.mod h1:yWOB1SBYBC5VeMP7gHvWumXLIWorT60ONWic61uBYv0=
github.com/stretchr/objx v0.1.0/go.mod h1:HFkY916IF+rwdDfMAkV7OtwuqBVzrE8GR6GFx+wExME=
github.com/stretchr/testify v1.2.2/go.mod h1:a8OnRcib4nhh0OaRAV+Yts87kKdq0PP7pXfy6kDkUVs=
github.com/stretchr/testify v1.6.1/go.mod h1:6Fq8oRcR53rry900zMqJjRRixrwX3KX962/h/Wwjteg=
github.com/stretchr/testify v1.7.0 h1:nwc3DEeHmmLAfoZucVR881uASk0Mfjw8xYJ99tb5CcY=
github.com/v2fly/BrowserBridge v0.0.0-20210430233438-0570fc1d7d08 h1:4Yh46CVE3k/lPq6hUbEdbB1u1anRBXLewm3k+L0iOMc=
github.com/v2fly/VSign v0.0.0-20201108000810-e2adc24bf848 h1:p1UzXK6VAutXFFQMnre66h7g1BjRKUnLv0HfmmRoz7w=
github.com/v2fly/ss-bloomring v0.0.0-20210312155135-28617310f63e h1:5QefA066A1tF8gHIiADmOVOV5LS43gt3ONnlEl3xkwI=
github.com/v2fly/ss-bloomring v0.0.0-20210312155135-28617310f63e/go.mod h1:5t19P9LBIrNamL6AcMQOncg/r10y3Pc01AbHeMhwlpU=
github.com/xtaci/smux v1.5.16 h1:FBPYOkW8ZTjLKUM4LI4xnnuuDC8CQ/dB04HD519WoEk=
go.starlark.net v0.0.0-20211203141949-70c0e40ae128 h1:bxH+EXOo87zEOwKDdZ8Tevgi6irRbqheRm/fr293c58=
go.uber.org/atomic v1.9.0 h1:ECmE8Bn/WFTYwEW/bpKD3M8VtR/zQVbavAoalC1PYyE=
go4.org/intern v0.0.0-20211027215823-ae77deb06f29 h1:UXLjNohABv4S58tHmeuIZDO6e3mHpW2Dx33gaNt03LE=
go4.org/unsafe/assume-no-moving-gc v0.0.0-20211027215541-db492cf91b37 h1:Tx9kY6yUkLge/pFG7IEMwDZy6CS2ajFc9TvQdPCW0uA=
golang.org/x/crypto v0.0.0-20210317152858-513c2a44f670/go.mod h1:T9bdIzuCu7OtxOm1hfPfRQxPLYneinmdGuTeoZ9dtd4=
golang.org/x/crypto v0.0.0-20220126234351-aa10faf2a1f8 h1:kACShD3qhmr/3rLmg1yXyt+N4HcwutKyPRB93s54TIU=
golang.org/x/crypto v0.0.0-20220126234351-aa10faf2a1f8/go.mod h1:IxCIyHEi3zRg3s0A5j5BB6A9Jmi73HwBIUl50j+osU4=
golang.org/x/mod v0.6.0-dev.0.20211013180041-c96bc1413d57 h1:LQmS1nU0twXLA96Kt7U9qtHJEbBk3z6Q0V4UXjZkpr4=
golang.org/x/mod v0.6.0-dev.0.20211013180041-c96bc1413d57/go.mod h1:3p9vT2HGsQu2K1YbXdKPJLVgG5VJdoTa1poYQBtP1AY=
golang.org/x/net v0.0.0-20210226172049-e18ecbb05110/go.mod h1:m0MpNAwzfU5UDzcl9v0D8zg8gWTRqZa9RBIspLL5mdg=
golang.org/x/net v0.0.0-20220127200216-cd36cc0744dd h1:O7DYs+zxREGLKzKoMQrtrEacpb0ZVXA5rIwylE2Xchk=
golang.org/x/net v0.0.0-20220127200216-cd36cc0744dd/go.mod h1:CfG3xpIq0wQ8r1q4Su4UZFWDARRcnwPjda9FqA0JpMk=
golang.org/x/sync v0.0.0-20210220032951-036812b2e83c h1:5KslGYwFpkhGh+Q16bwMP3cOontH8FOep7tGV86Y7SQ=
golang.org/x/sys v0.0.0-20191026070338-33540a1f6037/go.mod h1:h1NjWce9XRLGQEsW7wpKNCjG9DtNlClVuFLEZdDNbEs=
golang.org/x/sys v0.0.0-20201119102817-f84b799fce68/go.mod h1:h1NjWce9XRLGQEsW7wpKNCjG9DtNlClVuFLEZdDNbEs=
golang.org/x/sys v0.0.0-20220114195835-da31bd327af9 h1:XfKQ4OlFl8okEOr5UvAqFRVj8pY/4yfcXrddB8qAbU0=
golang.org/x/sys v0.0.0-20220114195835-da31bd327af9/go.mod h1:oPkhp1MJrh7nUepCBck5+mAzfO9JrbApNNgaTdGDITg=
golang.org/x/term v0.0.0-20201126162022-7de9c90e9dd1/go.mod h1:bj7SfCRtBDWHUb9snDiAeCFNEtKQo2Wmx5Cou7ajbmo=
golang.org/x/text v0.3.3/go.mod h1:5Zoc/QRtKVWzQhOtBMvqHzDpF6irO9z98xDceosuGiQ=
golang.org/x/text v0.3.7 h1:olpwvP2KacW1ZWvsR7uQhoyTYvKAupfQrRGBFM352Gk=
golang.org/x/time v0.0.0-20211116232009-f0f3c7e86c11 h1:GZokNIeuVkl3aZHJchRrr13WCsols02MLUcz1U9is6M=
golang.org/x/tools v0.0.0-20180917221912-90fa682c2a6e/go.mod h1:n7NCudcB/nEzxVGmLbDWY5pfWTLqBcC2KZ6jyYvM4mQ=
golang.org/x/tools v0.1.9 h1:j9KsMiaP1c3B0OTQGth0/k+miLGTgLsAFUCrF2vLcF8=
golang.org/x/xerrors v0.0.0-20191204190536-9bdfabe68543/go.mod h1:I/5z698sn9Ka8TeJc9MKroUUfqBBauWjQqLJ2OPfmY0=
golang.org/x/xerrors v0.0.0-20200804184101-5ec99f83aff1 h1:go1bK/D/BFZV2I8cIQd1NKEZ+0owSTG1fDTci4IqFcE=
golang.zx2c4.com/go118/netip v0.0.0-20211111135330-a4a02eeacf9d h1:9+v0G0naRhLPOJEeJOL6NuXTtAHHwmkyZlgQJ0XcQ8I=
golang.zx2c4.com/wintun v0.0.0-20211104114900-415007cec224 h1:Ug9qvr1myri/zFN6xL17LSCBGFDnphBBhzmILHsM5TY=
golang.zx2c4.com/wireguard v0.0.0-20220117163742-e0b8f11489c5 h1:fREdS2tvy7LARzKUA868aAABc35XOo4CMHydwv+alR4=
google.golang.org/genproto v0.0.0-20220126215142-9970aeb2e350 h1:YxHp5zqIcAShDEvRr5/0rVESVS+njYF68PSdazrNLJo=
google.golang.org/grpc v1.44.0 h1:weqSxi/TMs1SqFRMHCtBgXRs8k3X39QIDEZ0pRcttUg=
google.golang.org/protobuf v1.26.0-rc.1/go.mod h1:jlhhOSvTdKEhbULTjvd4ARK9grFBp09yW+WbY/TyQbw=
google.golang.org/protobuf v1.26.0/go.mod h1:9q0QmTI4eRPtz6boOQmLYwt+qCgq0jsYwAQnmE0givc=
google.golang.org/protobuf v1.27.1 h1:SnqbnDw1V7RiZcXPx5MEeqPv2s79L9i7BJUlG/+RurQ=
google.golang.org/protobuf v1.27.1/go.mod h1:9q0QmTI4eRPtz6boOQmLYwt+qCgq0jsYwAQnmE0givc=
gopkg.in/check.v1 v0.0.0-20161208181325-20d25e280405/go.mod h1:Co6ibVJAznAaIkqp8huTwlJQCZ016jof/cbN4VW5Yz0=
gopkg.in/tomb.v1 v1.0.0-20141024135613-dd632973f1e7 h1:uRGJdciOHaEIrze2W8Q3AKkepLTh2hOroT7a+7czfdQ=
gopkg.in/yaml.v3 v3.0.0-20200313102051-9f266ea9e77c/go.mod h1:K4uyk7z7BCEPqu6E+C64Yfv1cQ7kz7rIZviUmN+EgEM=
gopkg.in/yaml.v3 v3.0.0-20200605160147-a5ece683394c/go.mod h1:K4uyk7z7BCEPqu6E+C64Yfv1cQ7kz7rIZviUmN+EgEM=
gopkg.in/yaml.v3 v3.0.0-20210107192922-496545a6307b h1:h8qDotaEPuJATrMmW04NCwg7v22aHH28wwpauUhK9Oo=
inet.af/netaddr v0.0.0-20211027220019-c74959edd3b6 h1:acCzuUSQ79tGsM/O50VRFySfMm19IoMKL+sZztZkCxw=
